
Microsoft Visual Studio Solution File, Format Version 12.00
# Visual Studio 15
VisualStudioVersion = 15.0.28307.1022
MinimumVisualStudioVersion = 10.0.40219.1
Project("{FAE04EC0-301F-11D3-BF4B-00C04F79EFBC}") = "DOAN_CHUNGKHOAN", "DOAN_CHUNGKHOAN\DOAN_CHUNGKHOAN.csproj", "{9489ACB3-8709-49DE-97D5-B1FE5AE74C93}"
EndProject
Global
	GlobalSection(SolutionConfigurationPlatforms) = preSolution
		Debug|Any CPU = Debug|Any CPU
		Release|Any CPU = Release|Any CPU
	EndGlobalSection
	GlobalSection(ProjectConfigurationPlatforms) = postSolution
		{9489ACB3-8709-49DE-97D5-B1FE5AE74C93}.Debug|Any CPU.ActiveCfg = Debug|Any CPU
		{9489ACB3-8709-49DE-97D5-B1FE5AE74C93}.Debug|Any CPU.Build.0 = Debug|Any CPU
		{9489ACB3-8709-49DE-97D5-B1FE5AE74C93}.Release|Any CPU.ActiveCfg = Release|Any CPU
		{9489ACB3-8709-49DE-97D5-B1FE5AE74C93}.Release|Any CPU.Build.0 = Release|Any CPU
	EndGlobalSection
	GlobalSection(SolutionProperties) = preSolution
		HideSolutionNode = FALSE
	EndGlobalSection
	GlobalSection(ExtensibilityGlobals) = postSolution
		SolutionGuid = {36C64348-B784-4941-8E7C-65992960FC51}
	EndGlobalSection
EndGlobal
